
Microsoft Visual Studio Solution File, Format Version 12.00
# Visual Studio Version 17
VisualStudioVersion = 17.0.32126.317
MinimumVisualStudioVersion = 10.0.40219.1
Project("{9A19103F-16F7-4668-BE54-9A1E7A4F7556}") = "MLModel_ConsoleApp1", "MLModel_ConsoleApp1\MLModel_ConsoleApp1.csproj", "{885CF865-4F0C-4012-8228-8D8CDBFD4E40}"
EndProject
Project("{9A19103F-16F7-4668-BE54-9A1E7A4F7556}") = "UserTasksProgressPredictionEngine", "UserTasksProgressPredictionEngine\UserTasksProgressPredictionEngine.csproj", "{712666B7-F250-409C-A74B-053C72E35AC7}"
EndProject
Project("{2150E333-8FDC-42A3-9474-1A3956D46DE8}") = "Solution Items", "Solution Items", "{F5320215-ACC6-41C6-9080-67E6BEC31C1A}"
	ProjectSection(SolutionItems) = preProject
		.dockerignore = .dockerignore
		compose.yaml = compose.yaml
		Dockerfile = Dockerfile
		nginx.conf = nginx.conf
		run.sh = run.sh
		..\..\certs\server.pfx = ..\..\certs\server.pfx
		..\..\..\..\Documents\sqlServerCert.pfx = ..\..\..\..\Documents\sqlServerCert.pfx
	EndProjectSection
EndProject
Project("{E24C65DC-7377-472B-9ABA-BC803B73C61A}") = "ProductivityKeeperClient", "..\..\ProductivityKeeper\ProductivityKeeperClient\", "{6DE0CC2F-7081-40A8-804B-CDA8FBA79C7F}"
	ProjectSection(WebsiteProperties) = preProject
		TargetFrameworkMoniker = ".NETFramework,Version%3Dv4.8"
		Debug.AspNetCompiler.VirtualPath = "/localhost_65023"
		Debug.AspNetCompiler.PhysicalPath = "..\..\ProductivityKeeper\ProductivityKeeperClient\"
		Debug.AspNetCompiler.TargetPath = "PrecompiledWeb\localhost_65023\"
		Debug.AspNetCompiler.Updateable = "true"
		Debug.AspNetCompiler.ForceOverwrite = "true"
		Debug.AspNetCompiler.FixedNames = "false"
		Debug.AspNetCompiler.Debug = "True"
		Release.AspNetCompiler.VirtualPath = "/localhost_65023"
		Release.AspNetCompiler.PhysicalPath = "..\..\ProductivityKeeper\ProductivityKeeperClient\"
		Release.AspNetCompiler.TargetPath = "PrecompiledWeb\localhost_65023\"
		Release.AspNetCompiler.Updateable = "true"
		Release.AspNetCompiler.ForceOverwrite = "true"
		Release.AspNetCompiler.FixedNames = "false"
		Release.AspNetCompiler.Debug = "False"
		VWDPort = "65023"
		SlnRelativePath = "..\..\ProductivityKeeper\ProductivityKeeperClient\"
	EndProjectSection
EndProject
Project("{9A19103F-16F7-4668-BE54-9A1E7A4F7556}") = "ProductivityKeeperWeb", "ProductivityKeeperWeb\ProductivityKeeperWeb.csproj", "{D92B8BC4-9824-4C61-9263-4FA0D18CE7B7}"
EndProject
Global
	GlobalSection(SolutionConfigurationPlatforms) = preSolution
		Debug|Any CPU = Debug|Any CPU
		Release|Any CPU = Release|Any CPU
	EndGlobalSection
	GlobalSection(ProjectConfigurationPlatforms) = postSolution
		{885CF865-4F0C-4012-8228-8D8CDBFD4E40}.Debug|Any CPU.ActiveCfg = Debug|Any CPU
		{885CF865-4F0C-4012-8228-8D8CDBFD4E40}.Debug|Any CPU.Build.0 = Debug|Any CPU
		{885CF865-4F0C-4012-8228-8D8CDBFD4E40}.Release|Any CPU.ActiveCfg = Release|Any CPU
		{885CF865-4F0C-4012-8228-8D8CDBFD4E40}.Release|Any CPU.Build.0 = Release|Any CPU
		{712666B7-F250-409C-A74B-053C72E35AC7}.Debug|Any CPU.ActiveCfg = Debug|Any CPU
		{712666B7-F250-409C-A74B-053C72E35AC7}.Debug|Any CPU.Build.0 = Debug|Any CPU
		{712666B7-F250-409C-A74B-053C72E35AC7}.Release|Any CPU.ActiveCfg = Release|Any CPU
		{712666B7-F250-409C-A74B-053C72E35AC7}.Release|Any CPU.Build.0 = Release|Any CPU
		{6DE0CC2F-7081-40A8-804B-CDA8FBA79C7F}.Debug|Any CPU.ActiveCfg = Debug|Any CPU
		{6DE0CC2F-7081-40A8-804B-CDA8FBA79C7F}.Debug|Any CPU.Build.0 = Debug|Any CPU
		{6DE0CC2F-7081-40A8-804B-CDA8FBA79C7F}.Release|Any CPU.ActiveCfg = Debug|Any CPU
		{6DE0CC2F-7081-40A8-804B-CDA8FBA79C7F}.Release|Any CPU.Build.0 = Debug|Any CPU
		{D92B8BC4-9824-4C61-9263-4FA0D18CE7B7}.Debug|Any CPU.ActiveCfg = Debug|Any CPU
		{D92B8BC4-9824-4C61-9263-4FA0D18CE7B7}.Debug|Any CPU.Build.0 = Debug|Any CPU
		{D92B8BC4-9824-4C61-9263-4FA0D18CE7B7}.Release|Any CPU.ActiveCfg = Release|Any CPU
		{D92B8BC4-9824-4C61-9263-4FA0D18CE7B7}.Release|Any CPU.Build.0 = Release|Any CPU
	EndGlobalSection
	GlobalSection(SolutionProperties) = preSolution
		HideSolutionNode = FALSE
	EndGlobalSection
	GlobalSection(ExtensibilityGlobals) = postSolution
		SolutionGuid = {41BA2F3F-BDB3-48CF-8E69-3DA48E5CD004}
	EndGlobalSection
EndGlobal
