
Microsoft Visual Studio Solution File, Format Version 12.00
# Visual Studio Version 17
VisualStudioVersion = 17.0.32126.317
MinimumVisualStudioVersion = 10.0.40219.1
Project("{9A19103F-16F7-4668-BE54-9A1E7A4F7556}") = "ProductivityKeeperWeb", "ProductivityKeeperWeb\ProductivityKeeperWeb.csproj", "{F0C4EF0B-8280-40C3-A95B-EA2F156E3F1E}"
EndProject
Project("{9A19103F-16F7-4668-BE54-9A1E7A4F7556}") = "MLModel_ConsoleApp1", "MLModel_ConsoleApp1\MLModel_ConsoleApp1.csproj", "{885CF865-4F0C-4012-8228-8D8CDBFD4E40}"
EndProject
Project("{FAE04EC0-301F-11D3-BF4B-00C04F79EFBC}") = "UserTasksProgressPredictionEngine", "UserTasksProgressPredictionEngine\UserTasksProgressPredictionEngine.csproj", "{712666B7-F250-409C-A74B-053C72E35AC7}"
EndProject
Global
	GlobalSection(SolutionConfigurationPlatforms) = preSolution
		Debug|Any CPU = Debug|Any CPU
		Release|Any CPU = Release|Any CPU
	EndGlobalSection
	GlobalSection(ProjectConfigurationPlatforms) = postSolution
		{F0C4EF0B-8280-40C3-A95B-EA2F156E3F1E}.Debug|Any CPU.ActiveCfg = Debug|Any CPU
		{F0C4EF0B-8280-40C3-A95B-EA2F156E3F1E}.Debug|Any CPU.Build.0 = Debug|Any CPU
		{F0C4EF0B-8280-40C3-A95B-EA2F156E3F1E}.Release|Any CPU.ActiveCfg = Release|Any CPU
		{F0C4EF0B-8280-40C3-A95B-EA2F156E3F1E}.Release|Any CPU.Build.0 = Release|Any CPU
		{885CF865-4F0C-4012-8228-8D8CDBFD4E40}.Debug|Any CPU.ActiveCfg = Debug|Any CPU
		{885CF865-4F0C-4012-8228-8D8CDBFD4E40}.Debug|Any CPU.Build.0 = Debug|Any CPU
		{885CF865-4F0C-4012-8228-8D8CDBFD4E40}.Release|Any CPU.ActiveCfg = Release|Any CPU
		{885CF865-4F0C-4012-8228-8D8CDBFD4E40}.Release|Any CPU.Build.0 = Release|Any CPU
		{712666B7-F250-409C-A74B-053C72E35AC7}.Debug|Any CPU.ActiveCfg = Debug|Any CPU
		{712666B7-F250-409C-A74B-053C72E35AC7}.Debug|Any CPU.Build.0 = Debug|Any CPU
		{712666B7-F250-409C-A74B-053C72E35AC7}.Release|Any CPU.ActiveCfg = Release|Any CPU
		{712666B7-F250-409C-A74B-053C72E35AC7}.Release|Any CPU.Build.0 = Release|Any CPU
	EndGlobalSection
	GlobalSection(SolutionProperties) = preSolution
		HideSolutionNode = FALSE
	EndGlobalSection
	GlobalSection(ExtensibilityGlobals) = postSolution
		SolutionGuid = {41BA2F3F-BDB3-48CF-8E69-3DA48E5CD004}
	EndGlobalSection
EndGlobal
